
Microsoft Visual Studio Solution File, Format Version 12.00
# Visual Studio Version 16
VisualStudioVersion = 16.0.29519.181
MinimumVisualStudioVersion = 10.0.40219.1
Project("{FAE04EC0-301F-11D3-BF4B-00C04F79EFBC}") = "Console_Core", "Console_Core\Console_Core.csproj", "{B75C7FF8-CD66-4435-98E2-559C7E9A1A2E}"
EndProject
Global
	GlobalSection(SolutionConfigurationPlatforms) = preSolution
		Debug|Any CPU = Debug|Any CPU
		Release|Any CPU = Release|Any CPU
	EndGlobalSection
	GlobalSection(ProjectConfigurationPlatforms) = postSolution
		{B75C7FF8-CD66-4435-98E2-559C7E9A1A2E}.Debug|Any CPU.ActiveCfg = Debug|Any CPU
		{B75C7FF8-CD66-4435-98E2-559C7E9A1A2E}.Debug|Any CPU.Build.0 = Debug|Any CPU
		{B75C7FF8-CD66-4435-98E2-559C7E9A1A2E}.Release|Any CPU.ActiveCfg = Release|Any CPU
		{B75C7FF8-CD66-4435-98E2-559C7E9A1A2E}.Release|Any CPU.Build.0 = Release|Any CPU
	EndGlobalSection
	GlobalSection(SolutionProperties) = preSolution
		HideSolutionNode = FALSE
	EndGlobalSection
	GlobalSection(ExtensibilityGlobals) = postSolution
		SolutionGuid = {2586150E-F66C-41A5-A917-0102E025B014}
	EndGlobalSection
EndGlobal
